
Microsoft Visual Studio Solution File, Format Version 12.00
# Visual Studio Version 16
VisualStudioVersion = 16.0.810.12
MinimumVisualStudioVersion = 10.0.40219.1
Project("{FAE04EC0-301F-11D3-BF4B-00C04F79EFBC}") = "IdadeJogador", "IdadeJogador\IdadeJogador.csproj", "{A0DB4686-039B-48A4-8B76-D4240E4316B1}"
EndProject
Global
	GlobalSection(SolutionConfigurationPlatforms) = preSolution
		Debug|Any CPU = Debug|Any CPU
		Release|Any CPU = Release|Any CPU
	EndGlobalSection
	GlobalSection(ProjectConfigurationPlatforms) = postSolution
		{A0DB4686-039B-48A4-8B76-D4240E4316B1}.Debug|Any CPU.ActiveCfg = Debug|Any CPU
		{A0DB4686-039B-48A4-8B76-D4240E4316B1}.Debug|Any CPU.Build.0 = Debug|Any CPU
		{A0DB4686-039B-48A4-8B76-D4240E4316B1}.Release|Any CPU.ActiveCfg = Release|Any CPU
		{A0DB4686-039B-48A4-8B76-D4240E4316B1}.Release|Any CPU.Build.0 = Release|Any CPU
	EndGlobalSection
	GlobalSection(SolutionProperties) = preSolution
		HideSolutionNode = FALSE
	EndGlobalSection
	GlobalSection(ExtensibilityGlobals) = postSolution
		SolutionGuid = {67582246-0003-4384-9C64-292F16E05B55}
	EndGlobalSection
EndGlobal
